# This file is automatically @generated by Cargo.
# It is not intended for manual editing.
version = 3

[[package]]
name = "homeai-cli"
version = "0.0.0"
dependencies = [
 "homeai-common",
]

[[package]]
name = "homeai-common"
version = "0.0.0"

[[package]]
name = "homeai-core"
version = "0.0.0"
dependencies = [
 "homeai-common",
 "homeai-proto",
]

[[package]]
name = "homeai-noded"
version = "0.0.0"
dependencies = [
 "homeai-common",
 "homeai-proto",
]

[[package]]
name = "homeai-proto"
version = "0.0.0"
dependencies = [
 "homeai-common",
]

[[package]]
name = "homeai-simulator"
version = "0.0.0"
dependencies = [
 "homeai-common",
 "homeai-proto",
]
